
Microsoft Visual Studio Solution File, Format Version 12.00
# Visual Studio Version 17
VisualStudioVersion = 17.2.32519.379
MinimumVisualStudioVersion = 10.0.40219.1
Project("{FAE04EC0-301F-11D3-BF4B-00C04F79EFBC}") = "MvcStok", "MvcStok\MvcStok.csproj", "{07AB3A2B-25FE-4309-A9F0-CE5043D54D29}"
EndProject
Global
	GlobalSection(SolutionConfigurationPlatforms) = preSolution
		Debug|Any CPU = Debug|Any CPU
		Release|Any CPU = Release|Any CPU
	EndGlobalSection
	GlobalSection(ProjectConfigurationPlatforms) = postSolution
		{07AB3A2B-25FE-4309-A9F0-CE5043D54D29}.Debug|Any CPU.ActiveCfg = Debug|Any CPU
		{07AB3A2B-25FE-4309-A9F0-CE5043D54D29}.Debug|Any CPU.Build.0 = Debug|Any CPU
		{07AB3A2B-25FE-4309-A9F0-CE5043D54D29}.Release|Any CPU.ActiveCfg = Release|Any CPU
		{07AB3A2B-25FE-4309-A9F0-CE5043D54D29}.Release|Any CPU.Build.0 = Release|Any CPU
	EndGlobalSection
	GlobalSection(SolutionProperties) = preSolution
		HideSolutionNode = FALSE
	EndGlobalSection
	GlobalSection(ExtensibilityGlobals) = postSolution
		SolutionGuid = {B4B3AA40-DCEA-432A-AFAD-6CFB26422688}
	EndGlobalSection
EndGlobal
